Microsoft Visual Studio Solution File, Format Version 12.00
# Visual Studio Version 17
VisualStudioVersion = 17.5.2.0
MinimumVisualStudioVersion = 10.0.40219.1
Project("{FAE04EC0-301F-11D3-BF4B-00C04F79EFBC}") = "ErpConnector", "ErpConnector.csproj", "{DB3C4AEC-635A-21E3-A871-2D9C8FD690B0}"
EndProject
Global
	GlobalSection(SolutionConfigurationPlatforms) = preSolution
		Debug|Any CPU = Debug|Any CPU
		Release|Any CPU = Release|Any CPU
	EndGlobalSection
	GlobalSection(ProjectConfigurationPlatforms) = postSolution
		{DB3C4AEC-635A-21E3-A871-2D9C8FD690B0}.Debug|Any CPU.ActiveCfg = Debug|Any CPU
		{DB3C4AEC-635A-21E3-A871-2D9C8FD690B0}.Debug|Any CPU.Build.0 = Debug|Any CPU
		{DB3C4AEC-635A-21E3-A871-2D9C8FD690B0}.Release|Any CPU.ActiveCfg = Release|Any CPU
		{DB3C4AEC-635A-21E3-A871-2D9C8FD690B0}.Release|Any CPU.Build.0 = Release|Any CPU
	EndGlobalSection
	GlobalSection(SolutionProperties) = preSolution
		HideSolutionNode = FALSE
	EndGlobalSection
	GlobalSection(ExtensibilityGlobals) = postSolution
		SolutionGuid = {8A93FEF9-BAC9-43A3-8A9D-A8B43E666823}
	EndGlobalSection
EndGlobal
